{
  "lockfileVersion": 1,
  "configVersion": 0,
  "workspaces": {
    "": {
      "name": "qrgen-bun-cli",
      "dependencies": {
        "meow": "^14.0.0",
        "qrcode": "^1.5.4",
      },
      "devDependencies": {
        "@types/bun": "latest",
        "@types/qrcode": "1.5.6",
        "bun-types": "1.3.14",
        "oxfmt": "0.54.0",
        "oxlint": "1.69.0",
        "oxlint-tsgolint": "0.23.0",
      },
      "peerDependencies": {
        "typescript": "^5 || ^6.0.0",
      },
    },
  },
  "packages": {
    "@oxfmt/binding-android-arm-eabi": ["@oxfmt/binding-android-arm-eabi@0.54.0", "", { "os": "android", "cpu": "arm" }, "sha512-NAtpl/SiaeU103e7/OmZw0MvUnsUUopW7hEm/ecegJg7YM0skQaA0IXEZoyTV6NUdiNPupdIUreRqUZTShbn/g=="],

    "@oxfmt/binding-android-arm64": ["@oxfmt/binding-android-arm64@0.54.0", "", { "os": "android", "cpu": "arm64" }, "sha512-B4VZfBUlKK1rmMChsssNZbkZjE8+FzG3avMjGgMDwbGxXRoXkoeXiAZ+78Oa+eyDPHvDCiUb4zH/vmCOUSafLQ=="],

    "@oxfmt/binding-darwin-arm64": ["@oxfmt/binding-darwin-arm64@0.54.0", "", { "os": "darwin", "cpu": "arm64" }, "sha512-i02vF75b+ePsQP3tHqSxVYI5S6b8X/xqdPu7/mDHXtpgXLTYXi3jJmfHU0j+dnZZDKaYTx/ioCK7QYJmtiJR2g=="],

    "@oxfmt/binding-darwin-x64": ["@oxfmt/binding-darwin-x64@0.54.0", "", { "os": "darwin", "cpu": "x64" }, "sha512-8VMFvGvooXj7mswkbrhdVZ2/sgiDaBzWpkkbtO+qGDLV4EfJd67nQadHkQC0ZNbaWA9ajXfqI6i7PZLIeDzxEQ=="],

    "@oxfmt/binding-freebsd-x64": ["@oxfmt/binding-freebsd-x64@0.54.0", "", { "os": "freebsd", "cpu": "x64" }, "sha512-0cRHnp43WN1Jrc5s0BdbdKgR1XirdvHy7TAFi3JEsoEVQVJxTXMbpVd76sxXlgRswNMDhVFSJw+y7Eb8mEavFQ=="],

    "@oxfmt/binding-linux-arm-gnueabihf": ["@oxfmt/binding-linux-arm-gnueabihf@0.54.0", "", { "os": "linux", "cpu": "arm" }, "sha512-JyQAk3hK/OEtup7Rw6kZwfdzbKqTVD5jXXb8Xpfay29suwZyfBDMVW/bj4RqEPySYWc6zCp198pOluf8n5uYzg=="],

    "@oxfmt/binding-linux-arm-musleabihf": ["@oxfmt/binding-linux-arm-musleabihf@0.54.0", "", { "os": "linux", "cpu": "arm" }, "sha512-qnvLatTpM8vtvjOfcckBOzJjk+n6ce/wwpP8OFeUrD5aNLYcKyWAitwj+Rk3PK9jGanbZvKsJnv14JGQ6XqFdw=="],

    "@oxfmt/binding-linux-arm64-gnu": ["@oxfmt/binding-linux-arm64-gnu@0.54.0", "", { "os": "linux", "cpu": "arm64" }, "sha512-SMkhnCzIYZYDk9vw3W/80eeYKmrMpGF0Giuxt4HruFlCH7jEtnPeb3SdQKMfgYi/dgtaf+hZAb5XWPYnxqCQ3w=="],

    "@oxfmt/binding-linux-arm64-musl": ["@oxfmt/binding-linux-arm64-musl@0.54.0", "", { "os": "linux", "cpu": "arm64" }, "sha512-QrwJlBFFKnxOd95TAaszpMbZBLzMoYMpGaQTZF8oibacnF5rv8l12IhILhQRPmksWiBqg0YSe2Mnl7ayeJAHSA=="],

    "@oxfmt/binding-linux-ppc64-gnu": ["@oxfmt/binding-linux-ppc64-gnu@0.54.0", "", { "os": "linux", "cpu": "ppc64" }, "sha512-WILatiol/TUHTlhod7R09+7Az/XlhKwmY1MHfLZNmewltPWNN/EwxP2rQSHahibZ/cB8gmckEBjBOByD+5bYsQ=="],

    "@oxfmt/binding-linux-riscv64-gnu": ["@oxfmt/binding-linux-riscv64-gnu@0.54.0", "", { "os": "linux", "cpu": "none" }, "sha512-f05YMG4BH4G8S4ME6UM6fi1MnJ9094mrnvO5Pa4SJlMfWlUM+1/ZWMEF4NnjM7shZAvbHsHRuVYpUo0PHC4P9Q=="],

    "@oxfmt/binding-linux-riscv64-musl": ["@oxfmt/binding-linux-riscv64-musl@0.54.0", "", { "os": "linux", "cpu": "none" }, "sha512-UfL+2hj1ClNqcCRT9s8vBU4axDpjxgVxX96G+9DYAYjoc5b0u15CJtn2jgsi9iM+EbGNc5CW1HVRgwVu76UsSA=="],

    "@oxfmt/binding-linux-s390x-gnu": ["@oxfmt/binding-linux-s390x-gnu@0.54.0", "", { "os": "linux", "cpu": "s390x" }, "sha512-3/XZe931Hka+J6NjnaqJzYpsWWxDTuRdUdwSQHnOuJEgbC+SehIMFJS8hsEjV7LBhVSL2OCnRLvbVW8O97XIyw=="],

    "@oxfmt/binding-linux-x64-gnu": ["@oxfmt/binding-linux-x64-gnu@0.54.0", "", { "os": "linux", "cpu": "x64" }, "sha512-Ik93RlObtu43GbxApafayFjwYE06L6Xr08cSwpBPYbDrLp2ReZx0Jm1DqwRyYRnukUJy+rK2WaEvUQOxdytU9Q=="],

    "@oxfmt/binding-linux-x64-musl": ["@oxfmt/binding-linux-x64-musl@0.54.0", "", { "os": "linux", "cpu": "x64" }, "sha512-yZcakmPlD86CNymknd7KfW+FH+qfbqJH+i0h69CYfV1+KMoVeM9UED+8+TDVoU4haxI0NxY7RPCvRLy3Sqd2Qg=="],

    "@oxfmt/binding-openharmony-arm64": ["@oxfmt/binding-openharmony-arm64@0.54.0", "", { "os": "none", "cpu": "arm64" }, "sha512-GiVBZNnEZnKu00f1jTg49nomv187d0GQX+O+ocykoLeiaALuEO+swoTehHn9TehTfi7V8H0i0e/yvUjCqnwk1w=="],

    "@oxfmt/binding-win32-arm64-msvc": ["@oxfmt/binding-win32-arm64-msvc@0.54.0", "", { "os": "win32", "cpu": "arm64" }, "sha512-J0SSB8Z1Fre2sxRolYcW6Rl1RQmKdQ2hnHyq4YJrfBRiXTObLw4DXnIVraM/UyqGqwOi7yTrQA4VT7DPxlHVKA=="],

    "@oxfmt/binding-win32-ia32-msvc": ["@oxfmt/binding-win32-ia32-msvc@0.54.0", "", { "os": "win32", "cpu": "ia32" }, "sha512-O61UDVj8zz6yXJjkHPf05VaMLOXmEF8P5kf/N0W7AQMmd6bcQogl+KJc7rMutKTL524oE9iH32JXZClBFmEQIg=="],

    "@oxfmt/binding-win32-x64-msvc": ["@oxfmt/binding-win32-x64-msvc@0.54.0", "", { "os": "win32", "cpu": "x64" }, "sha512-1MDpqJPiFqxWtIHas8vkb1VZ7f7eKyTffAwmO8isxQYMaG1OFKsH666BWLeXQLO+IWNfiMssLD55hbR1lIPTqg=="],

    "@oxlint-tsgolint/darwin-arm64": ["@oxlint-tsgolint/darwin-arm64@0.23.0", "", { "os": "darwin", "cpu": "arm64" }, "sha512-gOs9PVr2wEg4ox9z0aJo+RKhhImW86YL5N6yav8BK/rgPsIrwN/igSZ+pbRr723NFvUNKde9fgMhRA6JrXAOZw=="],

    "@oxlint-tsgolint/darwin-x64": ["@oxlint-tsgolint/darwin-x64@0.23.0", "", { "os": "darwin", "cpu": "x64" }, "sha512-kjJ8B+7n4tB9VJdxS5A9GdJt6/bYpzbu4lXp2uO1S3sRmCB5gDEABlGoiePNApRWaW+xqL4b4xgiE727jSLhuA=="],

    "@oxlint-tsgolint/linux-arm64": ["@oxlint-tsgolint/linux-arm64@0.23.0", "", { "os": "linux", "cpu": "arm64" }, "sha512-6dCZuKNu135seMXilkRk9SpCx6i1XgmiipYGalLij5WVRX6ZYS8c4xI7preN/zv9fCXhsQclTIMDu2Y/cytTjw=="],

    "@oxlint-tsgolint/linux-x64": ["@oxlint-tsgolint/linux-x64@0.23.0", "", { "os": "linux", "cpu": "x64" }, "sha512-3bdilnyA7kmSTjK27rvjIjSxL5SIg3wt7vwNiRkouWB83ytssyKnuGvxSYJxgMEmFpSutzaBzcCUM2jDtPGcgA=="],

    "@oxlint-tsgolint/win32-arm64": ["@oxlint-tsgolint/win32-arm64@0.23.0", "", { "os": "win32", "cpu": "arm64" }, "sha512-j+OEp44SVYiQ+ZD+uttsX7u6L9SvmbbQ77SO1pSFCcJlsVMeCk8qZsjhKfGKuT/jIA+ipOJMVs/+pqUfObBWNw=="],

    "@oxlint-tsgolint/win32-x64": ["@oxlint-tsgolint/win32-x64@0.23.0", "", { "os": "win32", "cpu": "x64" }, "sha512-5MyjFuqf+g8OUPJBSGWHJtmoWnzFJYyOg4To9WMQshZYEWig/vtu7JtJ03VWnzHv9LJkAUeApY0gVCOywFR/iQ=="],

    "@oxlint/binding-android-arm-eabi": ["@oxlint/binding-android-arm-eabi@1.69.0", "", { "os": "android", "cpu": "arm" }, "sha512-DKQQbD5cZ/MYfDgDI7YGyGD9FSxABlsBsYFo5p26lloob543tP9+4N3guwdXIYJN+7HSZxLe8YJuwcOWw5qnHg=="],

    "@oxlint/binding-android-arm64": ["@oxlint/binding-android-arm64@1.69.0", "", { "os": "android", "cpu": "arm64" }, "sha512-lEhb+I5pr4inux+JFwfCa1HRq3Os7NirEFQ0H1I35SVEHPm6byX0Ah47xmRha3qi6LAkxUcxViL8o/9PivjzBg=="],

    "@oxlint/binding-darwin-arm64": ["@oxlint/binding-darwin-arm64@1.69.0", "", { "os": "darwin", "cpu": "arm64" }, "sha512-GY2YE8lOZW59BW1Ia1y+1gR0XyjrZRvVWHAr8LGeGhYHE0OQJ/7cRKXTkx1P+E9/6awEc3SX8a68SFTjh/E//A=="],

    "@oxlint/binding-darwin-x64": ["@oxlint/binding-darwin-x64@1.69.0", "", { "os": "darwin", "cpu": "x64" }, "sha512-ax1oZnOjHX3LB7myQyHEaQkDwfLb6str3/nSP6O7EVUviQGNkEGzGV0EqcBJWK+Ufwx0l4xPgyYayurvhAdl2Q=="],

    "@oxlint/binding-freebsd-x64": ["@oxlint/binding-freebsd-x64@1.69.0", "", { "os": "freebsd", "cpu": "x64" }, "sha512-kHWeHv4g2h8NY+mpCxzCtY4uerMJWTN/TSnNj1CPbakFpHEJ6cTya2wWV0pDSYWOJ2+0UiEbhn3AtXxHtsnKjg=="],

    "@oxlint/binding-linux-arm-gnueabihf": ["@oxlint/binding-linux-arm-gnueabihf@1.69.0", "", { "os": "linux", "cpu": "arm" }, "sha512-gq84vM1a1oEehXo27YCDzGVcxPsZDI1yswZwz2Da1/cbnWtrL16XZZnz0G/+gIU8edtHpfjxq5c+vWEHqJfWoQ=="],

    "@oxlint/binding-linux-arm-musleabihf": ["@oxlint/binding-linux-arm-musleabihf@1.69.0", "", { "os": "linux", "cpu": "arm" }, "sha512-kIqEa98JQ0VRyrcncxA417m2AzasqTlD+FyVT1AksjvjkqQcvm7pBWYvoW3/mpyOP2XYvi5nSCCTIe6De1yu5g=="],

    "@oxlint/binding-linux-arm64-gnu": ["@oxlint/binding-linux-arm64-gnu@1.69.0", "", { "os": "linux", "cpu": "arm64" }, "sha512-j+xYiXozxGWx2cpjCrwwGR4awTxPFsRv3JZrv23RCogEPMc4R7UqjHW47p/RG0aRlbWiROCJ8coUfCwy0dvzHA=="],

    "@oxlint/binding-linux-arm64-musl": ["@oxlint/binding-linux-arm64-musl@1.69.0", "", { "os": "linux", "cpu": "arm64" }, "sha512-xEPpNppTfN1l/nM7gYSf9iocscu/as+p/7vxkLeLEKnYU+09Dm+5V6IhDYDh+Uz6FajEupWwCLt5SOG0y1PCKg=="],

    "@oxlint/binding-linux-ppc64-gnu": ["@oxlint/binding-linux-ppc64-gnu@1.69.0", "", { "os": "linux", "cpu": "ppc64" }, "sha512-Ug0+eU7HJBlek+SjklYH62IlOMirEJsdxpihH0kSqX0XdrDD4NdHpQc10fK1JC35yn6KrrcN+uYzlHD38XAf8Q=="],

    "@oxlint/binding-linux-riscv64-gnu": ["@oxlint/binding-linux-riscv64-gnu@1.69.0", "", { "os": "linux", "cpu": "none" }, "sha512-iEyI3GIg0l/s3G4qy2TlaaWKdzj4PJJStwtlocpDTC00PY9hZueotf6OKUj9+yfQh0lrpBW/pLMgTztbAHKJEg=="],

    "@oxlint/binding-linux-riscv64-musl": ["@oxlint/binding-linux-riscv64-musl@1.69.0", "", { "os": "linux", "cpu": "none" }, "sha512-NjHjpiI4WIKSMwuoJSZi5VToPeoYOS1FR52HLIDG6lidMdqquusgtODb4iLk0+lb1q3Z0nv2/aPRcC/olmpQGg=="],

    "@oxlint/binding-linux-s390x-gnu": ["@oxlint/binding-linux-s390x-gnu@1.69.0", "", { "os": "linux", "cpu": "s390x" }, "sha512-Ai/prDewoItkDXbp38gwGZi41DycZbUTZJ3UidwoHgQC0/DaqC2TGdtBTQLJ6hSD+SAxASzh8+/eSBPmxfOacA=="],

    "@oxlint/binding-linux-x64-gnu": ["@oxlint/binding-linux-x64-gnu@1.69.0", "", { "os": "linux", "cpu": "x64" }, "sha512-Gt3KHgp46mRKz4sJeaASmKvD8ayXookRw07RMf+NowhEztGGDZ7VrXpoW96XuKJLjFukWizOFVNjmYb/u7caNQ=="],

    "@oxlint/binding-linux-x64-musl": ["@oxlint/binding-linux-x64-musl@1.69.0", "", { "os": "linux", "cpu": "x64" }, "sha512-7tQhJ2+p/oHv1zcfnjYI7YVzC/7iBaVOfIvFYtxdJ5F45mWgEdrCyXZXZGfiLey5t/5JhOhsaMnnv1kAzckd7g=="],

    "@oxlint/binding-openharmony-arm64": ["@oxlint/binding-openharmony-arm64@1.69.0", "", { "os": "none", "cpu": "arm64" }, "sha512-vmWz6TKp/3hfA4lksR0zHBv/6xuX1jhym6eqOjdH2DXsDDHZWcp2f0KG0VCAnlVbIrjk29G4wAWMXb/Hn1YobA=="],

    "@oxlint/binding-win32-arm64-msvc": ["@oxlint/binding-win32-arm64-msvc@1.69.0", "", { "os": "win32", "cpu": "arm64" }, "sha512-9RExaLgmaw6IoIkU9cTpT71mLfI0xZ86iZH8x518LVsOkjquJMYqb9P7KpC8lgd1t0Dxs41p2pxynq4XR3Ttzw=="],

    "@oxlint/binding-win32-ia32-msvc": ["@oxlint/binding-win32-ia32-msvc@1.69.0", "", { "os": "win32", "cpu": "ia32" }, "sha512-1907kRPF8/PrcIw1E7LMs9JbVrpgnt/MvFdss3an8oDkYNAACXzTntV3t3869ZZhMZxb2AzRGbz1pA/jdFatXA=="],

    "@oxlint/binding-win32-x64-msvc": ["@oxlint/binding-win32-x64-msvc@1.69.0", "", { "os": "win32", "cpu": "x64" }, "sha512-w8SOXv3mT9Fi6jY8OXdXCfnvX/3KNLXGNr4HEz2TA7S4Mv/PYAOmpB8y/ge40mxvBMgGNaSaaDwZpAsQn7HtWA=="],

    "@types/bun": ["@types/bun@1.3.1", "", { "dependencies": { "bun-types": "1.3.1" } }, "sha512-4jNMk2/K9YJtfqwoAa28c8wK+T7nvJFOjxI4h/7sORWcypRNxBpr+TPNaCfVWq70tLCJsqoFwcf0oI0JU/fvMQ=="],

    "@types/node": ["@types/node@24.9.1", "", { "dependencies": { "undici-types": "~7.16.0" } }, "sha512-QoiaXANRkSXK6p0Duvt56W208du4P9Uye9hWLWgGMDTEoKPhuenzNcC4vGUmrNkiOKTlIrBoyNQYNpSwfEZXSg=="],

    "@types/qrcode": ["@types/qrcode@1.5.6", "", { "dependencies": { "@types/node": "*" } }, "sha512-te7NQcV2BOvdj2b1hCAHzAoMNuj65kNBMz0KBaxM6c3VGBOhU0dURQKOtH8CFNI/dsKkwlv32p26qYQTWoB5bw=="],

    "@types/react": ["@types/react@19.2.2", "", { "dependencies": { "csstype": "^3.0.2" } }, "sha512-6mDvHUFSjyT2B2yeNx2nUgMxh9LtOWvkhIU3uePn2I2oyNymUAX1NIsdgviM4CH+JSrp2D2hsMvJOkxY+0wNRA=="],

    "ansi-regex": ["ansi-regex@5.0.1", "", {}, "sha512-quJQXlTSUGL2LH9SUXo8VwsY4soanhgo6LNSm84E1LBcE8s3O0wpdiRzyR9z/ZZJMlMWv37qOOb9pdJlMUEKFQ=="],

    "ansi-styles": ["ansi-styles@4.3.0", "", { "dependencies": { "color-convert": "^2.0.1" } }, "sha512-zbB9rCJAT1rbjiVDb2hqKFHNYLxgtk8NURxZ3IZwD3F6NtxbXZQCnnSi1Lkx+IDohdPlFp222wVALIheZJQSEg=="],

    "bun-types": ["bun-types@1.3.14", "", { "dependencies": { "@types/node": "*" } }, "sha512-4N0ig0fEomHt5R0KCFWjovxow98rIoRwKolrYdCcknNwMekCXRnWEUvgu5soYV8QXtVsrUD8B95MBOZGPvr6KQ=="],

    "camelcase": ["camelcase@5.3.1", "", {}, "sha512-L28STB170nwWS63UjtlEOE3dldQApaJXZkOI1uMFfzf3rRuPegHaHesyee+YxQ+W6SvRDQV6UrdOdRiR153wJg=="],

    "cliui": ["cliui@6.0.0", "", { "dependencies": { "string-width": "^4.2.0", "strip-ansi": "^6.0.0", "wrap-ansi": "^6.2.0" } }, "sha512-t6wbgtoCXvAzst7QgXxJYqPt0usEfbgQdftEPbLL/cvv6HPE5VgvqCuAIDR0NgU52ds6rFwqrgakNLrHEjCbrQ=="],

    "color-convert": ["color-convert@2.0.1", "", { "dependencies": { "color-name": "~1.1.4" } }, "sha512-RRECPsj7iu/xb5oKYcsFHSppFNnsj/52OVTRKb4zP5onXwVF3zVmmToNcOfGC+CRDpfK/U584fMg38ZHCaElKQ=="],

    "color-name": ["color-name@1.1.4", "", {}, "sha512-dOy+3AuW3a2wNbZHIuMZpTcgjGuLU/uBL/ubcZF9OXbDo8ff4O8yVp5Bf0efS8uEoYo5q4Fx7dY9OgQGXgAsQA=="],

    "csstype": ["csstype@3.1.3", "", {}, "sha512-M1uQkMl8rQK/szD0LNhtqxIPLpimGm8sOBwU7lLnCpSbTyY3yeU1Vc7l4KT5zT4s/yOxHH5O7tIuuLOCnLADRw=="],

    "decamelize": ["decamelize@1.2.0", "", {}, "sha512-z2S+W9X73hAUUki+N+9Za2lBlun89zigOyGrsax+KUQ6wKW4ZoWpEYBkGhQjwAjjDCkWxhY0VKEhk8wzY7F5cA=="],

    "dijkstrajs": ["dijkstrajs@1.0.3", "", {}, "sha512-qiSlmBq9+BCdCA/L46dw8Uy93mloxsPSbwnm5yrKn2vMPiy8KyAskTF6zuV/j5BMsmOGZDPs7KjU+mjb670kfA=="],

    "emoji-regex": ["emoji-regex@8.0.0", "", {}, "sha512-MSjYzcWNOA0ewAHpz0MxpYFvwg6yjy1NG3xteoqz644VCo/RPgnr1/GGt+ic3iJTzQ8Eu3TdM14SawnVUmGE6A=="],

    "find-up": ["find-up@4.1.0", "", { "dependencies": { "locate-path": "^5.0.0", "path-exists": "^4.0.0" } }, "sha512-PpOwAdQ/YlXQ2vj8a3h8IipDuYRi3wceVQQGYWxNINccq40Anw7BlsEXCMbt1Zt+OLA6Fq9suIpIWD0OsnISlw=="],

    "get-caller-file": ["get-caller-file@2.0.5", "", {}, "sha512-DyFP3BM/3YHTQOCUL/w0OZHR0lpKeGrxotcHWcqNEdnltqFwXVfhEBQ94eIo34AfQpo0rGki4cyIiftY06h2Fg=="],

    "is-fullwidth-code-point": ["is-fullwidth-code-point@3.0.0", "", {}, "sha512-zymm5+u+sCsSWyD9qNaejV3DFvhCKclKdizYaJUuHA83RLjb7nSuGnddCHGv0hk+KY7BMAlsWeK4Ueg6EV6XQg=="],

    "locate-path": ["locate-path@5.0.0", "", { "dependencies": { "p-locate": "^4.1.0" } }, "sha512-t7hw9pI+WvuwNJXwk5zVHpyhIqzg2qTlklJOf0mVxGSbe3Fp2VieZcduNYjaLDoy6p9uGpQEGWG87WpMKlNq8g=="],

    "meow": ["meow@14.0.0", "", {}, "sha512-JhC3R1f6dbspVtmF3vKjAWz1EVIvwFrGGPLSdU6rK79xBwHWTuHoLnRX/t1/zHS1Ch1Y2UtIrih7DAHuH9JFJA=="],

    "oxfmt": ["oxfmt@0.54.0", "", { "dependencies": { "tinypool": "2.1.0" }, "optionalDependencies": { "@oxfmt/binding-android-arm-eabi": "0.54.0", "@oxfmt/binding-android-arm64": "0.54.0", "@oxfmt/binding-darwin-arm64": "0.54.0", "@oxfmt/binding-darwin-x64": "0.54.0", "@oxfmt/binding-freebsd-x64": "0.54.0", "@oxfmt/binding-linux-arm-gnueabihf": "0.54.0", "@oxfmt/binding-linux-arm-musleabihf": "0.54.0", "@oxfmt/binding-linux-arm64-gnu": "0.54.0", "@oxfmt/binding-linux-arm64-musl": "0.54.0", "@oxfmt/binding-linux-ppc64-gnu": "0.54.0", "@oxfmt/binding-linux-riscv64-gnu": "0.54.0", "@oxfmt/binding-linux-riscv64-musl": "0.54.0", "@oxfmt/binding-linux-s390x-gnu": "0.54.0", "@oxfmt/binding-linux-x64-gnu": "0.54.0", "@oxfmt/binding-linux-x64-musl": "0.54.0", "@oxfmt/binding-openharmony-arm64": "0.54.0", "@oxfmt/binding-win32-arm64-msvc": "0.54.0", "@oxfmt/binding-win32-ia32-msvc": "0.54.0", "@oxfmt/binding-win32-x64-msvc": "0.54.0" }, "peerDependencies": { "svelte": "^5.0.0", "vite-plus": "*" }, "optionalPeers": ["svelte", "vite-plus"], "bin": { "oxfmt": "bin/oxfmt" } }, "sha512-DjnMwn7smSLF+Mc2+pRItnuPftm/dkUFpY/d4+33y9TfKrsHZo8GLhmUg9BrOIUEy94Rlom1Q11N6vuhE+e0oQ=="],

    "oxlint": ["oxlint@1.69.0", "", { "optionalDependencies": { "@oxlint/binding-android-arm-eabi": "1.69.0", "@oxlint/binding-android-arm64": "1.69.0", "@oxlint/binding-darwin-arm64": "1.69.0", "@oxlint/binding-darwin-x64": "1.69.0", "@oxlint/binding-freebsd-x64": "1.69.0", "@oxlint/binding-linux-arm-gnueabihf": "1.69.0", "@oxlint/binding-linux-arm-musleabihf": "1.69.0", "@oxlint/binding-linux-arm64-gnu": "1.69.0", "@oxlint/binding-linux-arm64-musl": "1.69.0", "@oxlint/binding-linux-ppc64-gnu": "1.69.0", "@oxlint/binding-linux-riscv64-gnu": "1.69.0", "@oxlint/binding-linux-riscv64-musl": "1.69.0", "@oxlint/binding-linux-s390x-gnu": "1.69.0", "@oxlint/binding-linux-x64-gnu": "1.69.0", "@oxlint/binding-linux-x64-musl": "1.69.0", "@oxlint/binding-openharmony-arm64": "1.69.0", "@oxlint/binding-win32-arm64-msvc": "1.69.0", "@oxlint/binding-win32-ia32-msvc": "1.69.0", "@oxlint/binding-win32-x64-msvc": "1.69.0" }, "peerDependencies": { "oxlint-tsgolint": ">=0.22.1", "vite-plus": "*" }, "optionalPeers": ["oxlint-tsgolint", "vite-plus"], "bin": { "oxlint": "bin/oxlint" } }, "sha512-ypZkK/aDc5NQV8zIR6s2H2Tl3aNW8FmJ1m9+2qsaYuRenl8vgnHNCGwTHviWJdUQzglOlHFchgopdtGhSy17Rw=="],

    "oxlint-tsgolint": ["oxlint-tsgolint@0.23.0", "", { "optionalDependencies": { "@oxlint-tsgolint/darwin-arm64": "0.23.0", "@oxlint-tsgolint/darwin-x64": "0.23.0", "@oxlint-tsgolint/linux-arm64": "0.23.0", "@oxlint-tsgolint/linux-x64": "0.23.0", "@oxlint-tsgolint/win32-arm64": "0.23.0", "@oxlint-tsgolint/win32-x64": "0.23.0" }, "bin": { "tsgolint": "bin/tsgolint.js" } }, "sha512-3mBv3CoPbh8dFbzfDGIWa2ytZjn2v+3EX4aKRXjIhsoGFzG8GCjfRirz3rwZf1wYbZzsNLTSgpw8VjQuWdp/jA=="],

    "p-limit": ["p-limit@2.3.0", "", { "dependencies": { "p-try": "^2.0.0" } }, "sha512-//88mFWSJx8lxCzwdAABTJL2MyWB12+eIY7MDL2SqLmAkeKU9qxRvWuSyTjm3FUmpBEMuFfckAIqEaVGUDxb6w=="],

    "p-locate": ["p-locate@4.1.0", "", { "dependencies": { "p-limit": "^2.2.0" } }, "sha512-R79ZZ/0wAxKGu3oYMlz8jy/kbhsNrS7SKZ7PxEHBgJ5+F2mtFW2fK2cOtBh1cHYkQsbzFV7I+EoRKe6Yt0oK7A=="],

    "p-try": ["p-try@2.2.0", "", {}, "sha512-R4nPAVTAU0B9D35/Gk3uJf/7XYbQcyohSKdvAxIRSNghFl4e71hVoGnBNQz9cWaXxO2I10KTC+3jMdvvoKw6dQ=="],

    "path-exists": ["path-exists@4.0.0", "", {}, "sha512-ak9Qy5Q7jYb2Wwcey5Fpvg2KoAc/ZIhLSLOSBmRmygPsGwkVVt0fZa0qrtMz+m6tJTAHfZQ8FnmB4MG4LWy7/w=="],

    "pngjs": ["pngjs@5.0.0", "", {}, "sha512-40QW5YalBNfQo5yRYmiw7Yz6TKKVr3h6970B2YE+3fQpsWcrbj1PzJgxeJ19DRQjhMbKPIuMY8rFaXc8moolVw=="],

    "qrcode": ["qrcode@1.5.4", "", { "dependencies": { "dijkstrajs": "^1.0.1", "pngjs": "^5.0.0", "yargs": "^15.3.1" }, "bin": { "qrcode": "bin/qrcode" } }, "sha512-1ca71Zgiu6ORjHqFBDpnSMTR2ReToX4l1Au1VFLyVeBTFavzQnv5JxMFr3ukHVKpSrSA2MCk0lNJSykjUfz7Zg=="],

    "require-directory": ["require-directory@2.1.1", "", {}, "sha512-fGxEI7+wsG9xrvdjsrlmL22OMTTiHRwAMroiEeMgq8gzoLC/PQr7RsRDSTLUg/bZAZtF+TVIkHc6/4RIKrui+Q=="],

    "require-main-filename": ["require-main-filename@2.0.0", "", {}, "sha512-NKN5kMDylKuldxYLSUfrbo5Tuzh4hd+2E8NPPX02mZtn1VuREQToYe/ZdlJy+J3uCpfaiGF05e7B8W0iXbQHmg=="],

    "set-blocking": ["set-blocking@2.0.0", "", {}, "sha512-KiKBS8AnWGEyLzofFfmvKwpdPzqiy16LvQfK3yv/fVH7Bj13/wl3JSR1J+rfgRE9q7xUJK4qvgS8raSOeLUehw=="],

    "string-width": ["string-width@4.2.3", "", { "dependencies": { "emoji-regex": "^8.0.0", "is-fullwidth-code-point": "^3.0.0", "strip-ansi": "^6.0.1" } }, "sha512-wKyQRQpjJ0sIp62ErSZdGsjMJWsap5oRNihHhu6G7JVO/9jIB6UyevL+tXuOqrng8j/cxKTWyWUwvSTriiZz/g=="],

    "strip-ansi": ["strip-ansi@6.0.1", "", { "dependencies": { "ansi-regex": "^5.0.1" } }, "sha512-Y38VPSHcqkFrCpFnQ9vuSXmquuv5oXOKpGeT6aGrr3o3Gc9AlVa6JBfUSOCnbxGGZF+/0ooI7KrPuUSztUdU5A=="],

    "tinypool": ["tinypool@2.1.0", "", {}, "sha512-Pugqs6M0m7Lv1I7FtxN4aoyToKg1C4tu+/381vH35y8oENM/Ai7f7C4StcoK4/+BSw9ebcS8jRiVrORFKCALLw=="],

    "typescript": ["typescript@5.9.3", "", { "bin": { "tsc": "bin/tsc", "tsserver": "bin/tsserver" } }, "sha512-jl1vZzPDinLr9eUt3J/t7V6FgNEw9QjvBPdysz9KfQDD41fQrC2Y4vKQdiaUpFT4bXlb1RHhLpp8wtm6M5TgSw=="],

    "undici-types": ["undici-types@7.16.0", "", {}, "sha512-Zz+aZWSj8LE6zoxD+xrjh4VfkIG8Ya6LvYkZqtUQGJPZjYl53ypCaUwWqo7eI0x66KBGeRo+mlBEkMSeSZ38Nw=="],

    "which-module": ["which-module@2.0.1", "", {}, "sha512-iBdZ57RDvnOR9AGBhML2vFZf7h8vmBjhoaZqODJBFWHVtKkDmKuHai3cx5PgVMrX5YDNp27AofYbAwctSS+vhQ=="],

    "wrap-ansi": ["wrap-ansi@6.2.0", "", { "dependencies": { "ansi-styles": "^4.0.0", "string-width": "^4.1.0", "strip-ansi": "^6.0.0" } }, "sha512-r6lPcBGxZXlIcymEu7InxDMhdW0KDxpLgoFLcguasxCaJ/SOIZwINatK9KY/tf+ZrlywOKU0UDj3ATXUBfxJXA=="],

    "y18n": ["y18n@4.0.3", "", {}, "sha512-JKhqTOwSrqNA1NY5lSztJ1GrBiUodLMmIZuLiDaMRJ+itFd+ABVE8XBjOvIWL+rSqNDC74LCSFmlb/U4UZ4hJQ=="],

    "yargs": ["yargs@15.4.1", "", { "dependencies": { "cliui": "^6.0.0", "decamelize": "^1.2.0", "find-up": "^4.1.0", "get-caller-file": "^2.0.1", "require-directory": "^2.1.1", "require-main-filename": "^2.0.0", "set-blocking": "^2.0.0", "string-width": "^4.2.0", "which-module": "^2.0.0", "y18n": "^4.0.0", "yargs-parser": "^18.1.2" } }, "sha512-aePbxDmcYW++PaqBsJ+HYUFwCdv4LVvdnhBy78E57PIor8/OVvhMrADFFEDh8DHDFRv/O9i3lPhsENjO7QX0+A=="],

    "yargs-parser": ["yargs-parser@18.1.3", "", { "dependencies": { "camelcase": "^5.0.0", "decamelize": "^1.2.0" } }, "sha512-o50j0JeToy/4K6OZcaQmW6lyXXKhq7csREXcDwk2omFPJEwUNOVtJKvmDr9EI1fAJZUyZcRF7kxGBWmRXudrCQ=="],

    "@types/bun/bun-types": ["bun-types@1.3.1", "", { "dependencies": { "@types/node": "*" }, "peerDependencies": { "@types/react": "^19" } }, "sha512-NMrcy7smratanWJ2mMXdpatalovtxVggkj11bScuWuiOoXTiKIu2eVS1/7qbyI/4yHedtsn175n4Sm4JcdHLXw=="],
  }
}
